
Microsoft Visual Studio Solution File, Format Version 12.00
# Visual Studio Version 17
VisualStudioVersion = 17.5.002.0
MinimumVisualStudioVersion = 10.0.40219.1
Project("{9A19103F-16F7-4668-BE54-9A1E7A4F7556}") = "project", "project.csproj", "{23E16C88-1811-4BA2-BBBE-BB96F00AF5A1}"
EndProject
Global
	GlobalSection(SolutionConfigurationPlatforms) = preSolution
		Debug|Any CPU = Debug|Any CPU
		Release|Any CPU = Release|Any CPU
	EndGlobalSection
	GlobalSection(ProjectConfigurationPlatforms) = postSolution
		{23E16C88-1811-4BA2-BBBE-BB96F00AF5A1}.Debug|Any CPU.ActiveCfg = Debug|Any CPU
		{23E16C88-1811-4BA2-BBBE-BB96F00AF5A1}.Debug|Any CPU.Build.0 = Debug|Any CPU
		{23E16C88-1811-4BA2-BBBE-BB96F00AF5A1}.Release|Any CPU.ActiveCfg = Release|Any CPU
		{23E16C88-1811-4BA2-BBBE-BB96F00AF5A1}.Release|Any CPU.Build.0 = Release|Any CPU
	EndGlobalSection
	GlobalSection(SolutionProperties) = preSolution
		HideSolutionNode = FALSE
	EndGlobalSection
	GlobalSection(ExtensibilityGlobals) = postSolution
		SolutionGuid = {48817382-7FC0-46E0-87CD-384373330D6C}
	EndGlobalSection
EndGlobal
